
Microsoft Visual Studio Solution File, Format Version 12.00
# Visual Studio Version 16
VisualStudioVersion = 16.0.33130.400
MinimumVisualStudioVersion = 10.0.40219.1
Project("{FAE04EC0-301F-11D3-BF4B-00C04F79EFBC}") = "ControlSmart", "ControlSmart.csproj", "{05AEF769-F81B-434F-84CB-46B865E3E1C5}"
EndProject
Global
	GlobalSection(SolutionConfigurationPlatforms) = preSolution
		Debug|Any CPU = Debug|Any CPU
		Release|Any CPU = Release|Any CPU
	EndGlobalSection
	GlobalSection(ProjectConfigurationPlatforms) = postSolution
		{05AEF769-F81B-434F-84CB-46B865E3E1C5}.Debug|Any CPU.ActiveCfg = Debug|Any CPU
		{05AEF769-F81B-434F-84CB-46B865E3E1C5}.Debug|Any CPU.Build.0 = Debug|Any CPU
		{05AEF769-F81B-434F-84CB-46B865E3E1C5}.Release|Any CPU.ActiveCfg = Release|Any CPU
		{05AEF769-F81B-434F-84CB-46B865E3E1C5}.Release|Any CPU.Build.0 = Release|Any CPU
	EndGlobalSection
	GlobalSection(SolutionProperties) = preSolution
		HideSolutionNode = FALSE
	EndGlobalSection
	GlobalSection(ExtensibilityGlobals) = postSolution
		SolutionGuid = {DFC7FCD6-A244-4A7C-8134-D46AD42CF79D}
	EndGlobalSection
EndGlobal
